
Microsoft Visual Studio Solution File, Format Version 12.00
# Visual Studio Version 17
VisualStudioVersion = 17.9.34728.123
MinimumVisualStudioVersion = 10.0.40219.1
Project("{54A90642-561A-4BB1-A94E-469ADEE60C69}") = "NGMM", "NGMM\NGMM.esproj", "{5E1F74F1-F1E7-4C45-919F-0A6F38CC66B5}"
EndProject
Global
	GlobalSection(SolutionConfigurationPlatforms) = preSolution
		Debug|Any CPU = Debug|Any CPU
		Release|Any CPU = Release|Any CPU
	EndGlobalSection
	GlobalSection(ProjectConfigurationPlatforms) = postSolution
		{5E1F74F1-F1E7-4C45-919F-0A6F38CC66B5}.Debug|Any CPU.ActiveCfg = Debug|Any CPU
		{5E1F74F1-F1E7-4C45-919F-0A6F38CC66B5}.Debug|Any CPU.Build.0 = Debug|Any CPU
		{5E1F74F1-F1E7-4C45-919F-0A6F38CC66B5}.Debug|Any CPU.Deploy.0 = Debug|Any CPU
		{5E1F74F1-F1E7-4C45-919F-0A6F38CC66B5}.Release|Any CPU.ActiveCfg = Release|Any CPU
		{5E1F74F1-F1E7-4C45-919F-0A6F38CC66B5}.Release|Any CPU.Build.0 = Release|Any CPU
		{5E1F74F1-F1E7-4C45-919F-0A6F38CC66B5}.Release|Any CPU.Deploy.0 = Release|Any CPU
	EndGlobalSection
	GlobalSection(SolutionProperties) = preSolution
		HideSolutionNode = FALSE
	EndGlobalSection
	GlobalSection(ExtensibilityGlobals) = postSolution
		SolutionGuid = {4BBA352B-B1E1-4F2D-9192-7DE5C93A3323}
	EndGlobalSection
EndGlobal
